
Microsoft Visual Studio Solution File, Format Version 12.00
# Visual Studio Version 17
VisualStudioVersion = 17.3.32728.150
MinimumVisualStudioVersion = 10.0.40219.1
Project("{FAE04EC0-301F-11D3-BF4B-00C04F79EFBC}") = "Karaoke-api", "Karaoke-api\Karaoke-api.csproj", "{C7A4A777-0D42-4048-9031-3FFEFFD34CD9}"
EndProject
Global
	GlobalSection(SolutionConfigurationPlatforms) = preSolution
		Debug|Any CPU = Debug|Any CPU
		Release|Any CPU = Release|Any CPU
	EndGlobalSection
	GlobalSection(ProjectConfigurationPlatforms) = postSolution
		{C7A4A777-0D42-4048-9031-3FFEFFD34CD9}.Debug|Any CPU.ActiveCfg = Debug|Any CPU
		{C7A4A777-0D42-4048-9031-3FFEFFD34CD9}.Debug|Any CPU.Build.0 = Debug|Any CPU
		{C7A4A777-0D42-4048-9031-3FFEFFD34CD9}.Release|Any CPU.ActiveCfg = Release|Any CPU
		{C7A4A777-0D42-4048-9031-3FFEFFD34CD9}.Release|Any CPU.Build.0 = Release|Any CPU
	EndGlobalSection
	GlobalSection(SolutionProperties) = preSolution
		HideSolutionNode = FALSE
	EndGlobalSection
	GlobalSection(ExtensibilityGlobals) = postSolution
		SolutionGuid = {EF3AB030-BFA7-43A9-8F20-D8930BF3BDFC}
	EndGlobalSection
EndGlobal
